
Microsoft Visual Studio Solution File, Format Version 12.00
# Visual Studio Version 17
VisualStudioVersion = 17.7.34221.43
MinimumVisualStudioVersion = 10.0.40219.1
Project("{8BC9CEB8-8B4A-11D0-8D11-00A0C91BC942}") = "Huffman Algorithm", "Huffman Algorithm\Huffman Algorithm.vcxproj", "{363756B9-D29F-4C9C-A892-8D15291BCA4F}"
EndProject
Global
	GlobalSection(SolutionConfigurationPlatforms) = preSolution
		Debug|x64 = Debug|x64
		Debug|x86 = Debug|x86
		Release|x64 = Release|x64
		Release|x86 = Release|x86
	EndGlobalSection
	GlobalSection(ProjectConfigurationPlatforms) = postSolution
		{363756B9-D29F-4C9C-A892-8D15291BCA4F}.Debug|x64.ActiveCfg = Debug|x64
		{363756B9-D29F-4C9C-A892-8D15291BCA4F}.Debug|x64.Build.0 = Debug|x64
		{363756B9-D29F-4C9C-A892-8D15291BCA4F}.Debug|x86.ActiveCfg = Debug|Win32
		{363756B9-D29F-4C9C-A892-8D15291BCA4F}.Debug|x86.Build.0 = Debug|Win32
		{363756B9-D29F-4C9C-A892-8D15291BCA4F}.Release|x64.ActiveCfg = Release|x64
		{363756B9-D29F-4C9C-A892-8D15291BCA4F}.Release|x64.Build.0 = Release|x64
		{363756B9-D29F-4C9C-A892-8D15291BCA4F}.Release|x86.ActiveCfg = Release|Win32
		{363756B9-D29F-4C9C-A892-8D15291BCA4F}.Release|x86.Build.0 = Release|Win32
	EndGlobalSection
	GlobalSection(SolutionProperties) = preSolution
		HideSolutionNode = FALSE
	EndGlobalSection
	GlobalSection(ExtensibilityGlobals) = postSolution
		SolutionGuid = {DD699F4E-6EB5-4C77-B4D1-ACE4B823FF48}
	EndGlobalSection
EndGlobal
